// !$*UTF8*$!
{
	archiveVersion = 1;
	classes = {
	};
	objectVersion = 50;
	objects = {

/* Begin PBXBuildFile section */
		124560262604823C00A93D9D /* SpeechToDoListApp.swift in Sources */ = {isa = PBXBuildFile; fileRef = 124560252604823C00A93D9D /* SpeechToDoListApp.swift */; };
		124560282604823C00A93D9D /* ContentView.swift in Sources */ = {isa = PBXBuildFile; fileRef = 124560272604823C00A93D9D /* ContentView.swift */; };
		1245602A2604824000A93D9D /* Assets.xcassets in Resources */ = {isa = PBXBuildFile; fileRef = 124560292604824000A93D9D /* Assets.xcassets */; };
		1245602D2604824000A93D9D /* Preview Assets.xcassets in Resources */ = {isa = PBXBuildFile; fileRef = 1245602C2604824000A93D9D /* Preview Assets.xcassets */; };
		1245602F2604824000A93D9D /* Persistence.swift in Sources */ = {isa = PBXBuildFile; fileRef = 1245602E2604824000A93D9D /* Persistence.swift */; };
		124560322604824000A93D9D /* SpeechToDoList.xcdatamodeld in Sources */ = {isa = PBXBuildFile; fileRef = 124560302604824000A93D9D /* SpeechToDoList.xcdatamodeld */; };
		12F454692604B609009E96B6 /* MicMonitor.swift in Sources */ = {isa = PBXBuildFile; fileRef = 12F454682604B609009E96B6 /* MicMonitor.swift */; };
		12F4546D2604BDD6009E96B6 /* VisualBarView.swift in Sources */ = {isa = PBXBuildFile; fileRef = 12F4546C2604BDD6009E96B6 /* VisualBarView.swift */; };
		12F454712604BFEE009E96B6 /* SpeechManager.swift in Sources */ = {isa = PBXBuildFile; fileRef = 12F454702604BFEE009E96B6 /* SpeechManager.swift */; };
/* End PBXBuildFile section */

/* Begin PBXFileReference section */
		124560222604823C00A93D9D /* SpeechToDoList.app */ = {isa = PBXFileReference; explicitFileType = wrapper.application; includeInIndex = 0; path = SpeechToDoList.app; sourceTree = BUILT_PRODUCTS_DIR; };
		124560252604823C00A93D9D /* SpeechToDoListApp.swift */ = {isa = PBXFileReference; lastKnownFileType = sourcecode.swift; path = SpeechToDoListApp.swift; sourceTree = "<group>"; };
		124560272604823C00A93D9D /* ContentView.swift */ = {isa = PBXFileReference; lastKnownFileType = sourcecode.swift; path = ContentView.swift; sourceTree = "<group>"; };
		124560292604824000A93D9D /* Assets.xcassets */ = {isa = PBXFileReference; lastKnownFileType = folder.assetcatalog; path = Assets.xcassets; sourceTree = "<group>"; };
		1245602C2604824000A93D9D /* Preview Assets.xcassets */ = {isa = PBXFileReference; lastKnownFileType = folder.assetcatalog; path = "Preview Assets.xcassets"; sourceTree = "<group>"; };
		1245602E2604824000A93D9D /* Persistence.swift */ = {isa = PBXFileReference; lastKnownFileType = sourcecode.swift; path = Persistence.swift; sourceTree = "<group>"; };
		124560312604824000A93D9D /* SpeechToDoList.xcdatamodel */ = {isa = PBXFileReference; lastKnownFileType = wrapper.xcdatamodel; path = SpeechToDoList.xcdatamodel; sourceTree = "<group>"; };
		124560332604824000A93D9D /* Info.plist */ = {isa = PBXFileReference; lastKnownFileType = text.plist.xml; path = Info.plist; sourceTree = "<group>"; };
		12F454682604B609009E96B6 /* MicMonitor.swift */ = {isa = PBXFileReference; lastKnownFileType = sourcecode.swift; path = MicMonitor.swift; sourceTree = "<group>"; };
		12F4546C2604BDD6009E96B6 /* VisualBarView.swift */ = {isa = PBXFileReference; lastKnownFileType = sourcecode.swift; path = VisualBarView.swift; sourceTree = "<group>"; };
		12F454702604BFEE009E96B6 /* SpeechManager.swift */ = {isa = PBXFileReference; lastKnownFileType = sourcecode.swift; path = SpeechManager.swift; sourceTree = "<group>"; };
/* End PBXFileReference section */

/* Begin PBXFrameworksBuildPhase section */
		1245601F2604823C00A93D9D /* Frameworks */ = {
			isa = PBXFrameworksBuildPhase;
			buildActionMask = 2147483647;
			files = (
			);
			runOnlyForDeploymentPostprocessing = 0;
		};
/* End PBXFrameworksBuildPhase section */

/* Begin PBXGroup section */
		124560192604823B00A93D9D = {
			isa = PBXGroup;
			children = (
				124560242604823C00A93D9D /* SpeechToDoList */,
				124560232604823C00A93D9D /* Products */,
			);
			sourceTree = "<group>";
		};
		124560232604823C00A93D9D /* Products */ = {
			isa = PBXGroup;
			children = (
				124560222604823C00A93D9D /* SpeechToDoList.app */,
			);
			name = Products;
			sourceTree = "<group>";
		};
		124560242604823C00A93D9D /* SpeechToDoList */ = {
			isa = PBXGroup;
			children = (
				124560252604823C00A93D9D /* SpeechToDoListApp.swift */,
				12F4546F2604BFA5009E96B6 /* SpeechToTextHelper */,
				12F454672604B5DF009E96B6 /* SpeechVisualiser */,
				12F454662604B5CB009E96B6 /* Views */,
				124560292604824000A93D9D /* Assets.xcassets */,
				1245602E2604824000A93D9D /* Persistence.swift */,
				124560332604824000A93D9D /* Info.plist */,
				124560302604824000A93D9D /* SpeechToDoList.xcdatamodeld */,
				1245602B2604824000A93D9D /* Preview Content */,
			);
			path = SpeechToDoList;
			sourceTree = "<group>";
		};
		1245602B2604824000A93D9D /* Preview Content */ = {
			isa = PBXGroup;
			children = (
				1245602C2604824000A93D9D /* Preview Assets.xcassets */,
			);
			path = "Preview Content";
			sourceTree = "<group>";
		};
		12F454662604B5CB009E96B6 /* Views */ = {
			isa = PBXGroup;
			children = (
				124560272604823C00A93D9D /* ContentView.swift */,
			);
			path = Views;
			sourceTree = "<group>";
		};
		12F454672604B5DF009E96B6 /* SpeechVisualiser */ = {
			isa = PBXGroup;
			children = (
				12F454682604B609009E96B6 /* MicMonitor.swift */,
				12F4546C2604BDD6009E96B6 /* VisualBarView.swift */,
			);
			path = SpeechVisualiser;
			sourceTree = "<group>";
		};
		12F4546F2604BFA5009E96B6 /* SpeechToTextHelper */ = {
			isa = PBXGroup;
			children = (
				12F454702604BFEE009E96B6 /* SpeechManager.swift */,
			);
			path = SpeechToTextHelper;
			sourceTree = "<group>";
		};
/* End PBXGroup section */

/* Begin PBXNativeTarget section */
		124560212604823C00A93D9D /* SpeechToDoList */ = {
			isa = PBXNativeTarget;
			buildConfigurationList = 124560362604824000A93D9D /* Build configuration list for PBXNativeTarget "SpeechToDoList" */;
			buildPhases = (
				1245601E2604823C00A93D9D /* Sources */,
				1245601F2604823C00A93D9D /* Frameworks */,
				124560202604823C00A93D9D /* Resources */,
			);
			buildRules = (
			);
			dependencies = (
			);
			name = SpeechToDoList;
			productName = SpeechToDoList;
			productReference = 124560222604823C00A93D9D /* SpeechToDoList.app */;
			productType = "com.apple.product-type.application";
		};
/* End PBXNativeTarget section */

/* Begin PBXProject section */
		1245601A2604823B00A93D9D /* Project object */ = {
			isa = PBXProject;
			attributes = {
				LastSwiftUpdateCheck = 1240;
				LastUpgradeCheck = 1240;
				TargetAttributes = {
					124560212604823C00A93D9D = {
						CreatedOnToolsVersion = 12.4;
					};
				};
			};
			buildConfigurationList = 1245601D2604823B00A93D9D /* Build configuration list for PBXProject "SpeechToDoList" */;
			compatibilityVersion = "Xcode 9.3";
			developmentRegion = en;
			hasScannedForEncodings = 0;
			knownRegions = (
				en,
				Base,
			);
			mainGroup = 124560192604823B00A93D9D;
			productRefGroup = 124560232604823C00A93D9D /* Products */;
			projectDirPath = "";
			projectRoot = "";
			targets = (
				124560212604823C00A93D9D /* SpeechToDoList */,
			);
		};
/* End PBXProject section */

/* Begin PBXResourcesBuildPhase section */
		124560202604823C00A93D9D /* Resources */ = {
			isa = PBXResourcesBuildPhase;
			buildActionMask = 2147483647;
			files = (
				1245602D2604824000A93D9D /* Preview Assets.xcassets in Resources */,
				1245602A2604824000A93D9D /* Assets.xcassets in Resources */,
			);
			runOnlyForDeploymentPostprocessing = 0;
		};
/* End PBXResourcesBuildPhase section */

/* Begin PBXSourcesBuildPhase section */
		1245601E2604823C00A93D9D /* Sources */ = {
			isa = PBXSourcesBuildPhase;
			buildActionMask = 2147483647;
			files = (
				12F4546D2604BDD6009E96B6 /* VisualBarView.swift in Sources */,
				12F454692604B609009E96B6 /* MicMonitor.swift in Sources */,
				1245602F2604824000A93D9D /* Persistence.swift in Sources */,
				124560322604824000A93D9D /* SpeechToDoList.xcdatamodeld in Sources */,
				124560282604823C00A93D9D /* ContentView.swift in Sources */,
				124560262604823C00A93D9D /* SpeechToDoListApp.swift in Sources */,
				12F454712604BFEE009E96B6 /* SpeechManager.swift in Sources */,
			);
			runOnlyForDeploymentPostprocessing = 0;
		};
/* End PBXSourcesBuildPhase section */

/* Begin XCBuildConfiguration section */
		124560342604824000A93D9D /* Debug */ = {
			isa = XCBuildConfiguration;
			buildSettings = {
				ALWAYS_SEARCH_USER_PATHS = NO;
				CLANG_ANALYZER_NONNULL = YES;
				CLANG_ANALYZER_NUMBER_OBJECT_CONVERSION = YES_AGGRESSIVE;
				CLANG_CXX_LANGUAGE_STANDARD = "gnu++14";
				CLANG_CXX_LIBRARY = "libc++";
				CLANG_ENABLE_MODULES = YES;
				CLANG_ENABLE_OBJC_ARC = YES;
				CLANG_ENABLE_OBJC_WEAK = YES;
				CLANG_WARN_BLOCK_CAPTURE_AUTORELEASING = YES;
				CLANG_WARN_BOOL_CONVERSION = YES;
				CLANG_WARN_COMMA = YES;
				CLANG_WARN_CONSTANT_CONVERSION = YES;
				CLANG_WARN_DEPRECATED_OBJC_IMPLEMENTATIONS = YES;
				CLANG_WARN_DIRECT_OBJC_ISA_USAGE = YES_ERROR;
				CLANG_WARN_DOCUMENTATION_COMMENTS = YES;
				CLANG_WARN_EMPTY_BODY = YES;
				CLANG_WARN_ENUM_CONVERSION = YES;
				CLANG_WARN_INFINITE_RECURSION = YES;
				CLANG_WARN_INT_CONVERSION = YES;
				CLANG_WARN_NON_LITERAL_NULL_CONVERSION = YES;
				CLANG_WARN_OBJC_IMPLICIT_RETAIN_SELF = YES;
				CLANG_WARN_OBJC_LITERAL_CONVERSION = YES;
				CLANG_WARN_OBJC_ROOT_CLASS = YES_ERROR;
				CLANG_WARN_QUOTED_INCLUDE_IN_FRAMEWORK_HEADER = YES;
				CLANG_WARN_RANGE_LOOP_ANALYSIS = YES;
				CLANG_WARN_STRICT_PROTOTYPES = YES;
				CLANG_WARN_SUSPICIOUS_MOVE = YES;
				CLANG_WARN_UNGUARDED_AVAILABILITY = YES_AGGRESSIVE;
				CLANG_WARN_UNREACHABLE_CODE = YES;
				CLANG_WARN__DUPLICATE_METHOD_MATCH = YES;
				COPY_PHASE_STRIP = NO;
				DEBUG_INFORMATION_FORMAT = dwarf;
				ENABLE_STRICT_OBJC_MSGSEND = YES;
				ENABLE_TESTABILITY = YES;
				GCC_C_LANGUAGE_STANDARD = gnu11;
				GCC_DYNAMIC_NO_PIC = NO;
				GCC_NO_COMMON_BLOCKS = YES;
				GCC_OPTIMIZATION_LEVEL = 0;
				GCC_PREPROCESSOR_DEFINITIONS = (
					"DEBUG=1",
					"$(inherited)",
				);
				GCC_WARN_64_TO_32_BIT_CONVERSION = YES;
				GCC_WARN_ABOUT_RETURN_TYPE = YES_ERROR;
				GCC_WARN_UNDECLARED_SELECTOR = YES;
				GCC_WARN_UNINITIALIZED_AUTOS = YES_AGGRESSIVE;
				GCC_WARN_UNUSED_FUNCTION = YES;
				GCC_WARN_UNUSED_VARIABLE = YES;
				IPHONEOS_DEPLOYMENT_TARGET = 14.4;
				MTL_ENABLE_DEBUG_INFO = INCLUDE_SOURCE;
				MTL_FAST_MATH = YES;
				ONLY_ACTIVE_ARCH = YES;
				SDKROOT = iphoneos;
				SWIFT_ACTIVE_COMPILATION_CONDITIONS = DEBUG;
				SWIFT_OPTIMIZATION_LEVEL = "-Onone";
			};
			name = Debug;
		};
		124560352604824000A93D9D /* Release */ = {
			isa = XCBuildConfiguration;
			buildSettings = {
				ALWAYS_SEARCH_USER_PATHS = NO;
				CLANG_ANALYZER_NONNULL = YES;
				CLANG_ANALYZER_NUMBER_OBJECT_CONVERSION = YES_AGGRESSIVE;
				CLANG_CXX_LANGUAGE_STANDARD = "gnu++14";
				CLANG_CXX_LIBRARY = "libc++";
				CLANG_ENABLE_MODULES = YES;
				CLANG_ENABLE_OBJC_ARC = YES;
				CLANG_ENABLE_OBJC_WEAK = YES;
				CLANG_WARN_BLOCK_CAPTURE_AUTORELEASING = YES;
				CLANG_WARN_BOOL_CONVERSION = YES;
				CLANG_WARN_COMMA = YES;
				CLANG_WARN_CONSTANT_CONVERSION = YES;
				CLANG_WARN_DEPRECATED_OBJC_IMPLEMENTATIONS = YES;
				CLANG_WARN_DIRECT_OBJC_ISA_USAGE = YES_ERROR;
				CLANG_WARN_DOCUMENTATION_COMMENTS = YES;
				CLANG_WARN_EMPTY_BODY = YES;
				CLANG_WARN_ENUM_CONVERSION = YES;
				CLANG_WARN_INFINITE_RECURSION = YES;
				CLANG_WARN_INT_CONVERSION = YES;
				CLANG_WARN_NON_LITERAL_NULL_CONVERSION = YES;
				CLANG_WARN_OBJC_IMPLICIT_RETAIN_SELF = YES;
				CLANG_WARN_OBJC_LITERAL_CONVERSION = YES;
				CLANG_WARN_OBJC_ROOT_CLASS = YES_ERROR;
				CLANG_WARN_QUOTED_INCLUDE_IN_FRAMEWORK_HEADER = YES;
				CLANG_WARN_RANGE_LOOP_ANALYSIS = YES;
				CLANG_WARN_STRICT_PROTOTYPES = YES;
				CLANG_WARN_SUSPICIOUS_MOVE = YES;
				CLANG_WARN_UNGUARDED_AVAILABILITY = YES_AGGRESSIVE;
				CLANG_WARN_UNREACHABLE_CODE = YES;
				CLANG_WARN__DUPLICATE_METHOD_MATCH = YES;
				COPY_PHASE_STRIP = NO;
				DEBUG_INFORMATION_FORMAT = "dwarf-with-dsym";
				ENABLE_NS_ASSERTIONS = NO;
				ENABLE_STRICT_OBJC_MSGSEND = YES;
				GCC_C_LANGUAGE_STANDARD = gnu11;
				GCC_NO_COMMON_BLOCKS = YES;
				GCC_WARN_64_TO_32_BIT_CONVERSION = YES;
				GCC_WARN_ABOUT_RETURN_TYPE = YES_ERROR;
				GCC_WARN_UNDECLARED_SELECTOR = YES;
				GCC_WARN_UNINITIALIZED_AUTOS = YES_AGGRESSIVE;
				GCC_WARN_UNUSED_FUNCTION = YES;
				GCC_WARN_UNUSED_VARIABLE = YES;
				IPHONEOS_DEPLOYMENT_TARGET = 14.4;
				MTL_ENABLE_DEBUG_INFO = NO;
				MTL_FAST_MATH = YES;
				SDKROOT = iphoneos;
				SWIFT_COMPILATION_MODE = wholemodule;
				SWIFT_OPTIMIZATION_LEVEL = "-O";
				VALIDATE_PRODUCT = YES;
			};
			name = Release;
		};
		124560372604824000A93D9D /* Debug */ = {
			isa = XCBuildConfiguration;
			buildSettings = {
				ASSETCATALOG_COMPILER_APPICON_NAME = AppIcon;
				ASSETCATALOG_COMPILER_GLOBAL_ACCENT_COLOR_NAME = AccentColor;
				CODE_SIGN_STYLE = Automatic;
				DEVELOPMENT_ASSET_PATHS = "\"SpeechToDoList/Preview Content\"";
				DEVELOPMENT_TEAM = 895V8DXL3F;
				ENABLE_PREVIEWS = YES;
				INFOPLIST_FILE = SpeechToDoList/Info.plist;
				IPHONEOS_DEPLOYMENT_TARGET = 14.0;
				LD_RUNPATH_SEARCH_PATHS = (
					"$(inherited)",
					"@executable_path/Frameworks",
				);
				PRODUCT_BUNDLE_IDENTIFIER = rutu.SpeechToDoList;
				PRODUCT_NAME = "$(TARGET_NAME)";
				SWIFT_VERSION = 5.0;
				TARGETED_DEVICE_FAMILY = "1,2";
			};
			name = Debug;
		};
		124560382604824000A93D9D /* Release */ = {
			isa = XCBuildConfiguration;
			buildSettings = {
				ASSETCATALOG_COMPILER_APPICON_NAME = AppIcon;
				ASSETCATALOG_COMPILER_GLOBAL_ACCENT_COLOR_NAME = AccentColor;
				CODE_SIGN_STYLE = Automatic;
				DEVELOPMENT_ASSET_PATHS = "\"SpeechToDoList/Preview Content\"";
				DEVELOPMENT_TEAM = 895V8DXL3F;
				ENABLE_PREVIEWS = YES;
				INFOPLIST_FILE = SpeechToDoList/Info.plist;
				IPHONEOS_DEPLOYMENT_TARGET = 14.0;
				LD_RUNPATH_SEARCH_PATHS = (
					"$(inherited)",
					"@executable_path/Frameworks",
				);
				PRODUCT_BUNDLE_IDENTIFIER = rutu.SpeechToDoList;
				PRODUCT_NAME = "$(TARGET_NAME)";
				SWIFT_VERSION = 5.0;
				TARGETED_DEVICE_FAMILY = "1,2";
			};
			name = Release;
		};
/* End XCBuildConfiguration section */

/* Begin XCConfigurationList section */
		1245601D2604823B00A93D9D /* Build configuration list for PBXProject "SpeechToDoList" */ = {
			isa = XCConfigurationList;
			buildConfigurations = (
				124560342604824000A93D9D /* Debug */,
				124560352604824000A93D9D /* Release */,
			);
			defaultConfigurationIsVisible = 0;
			defaultConfigurationName = Release;
		};
		124560362604824000A93D9D /* Build configuration list for PBXNativeTarget "SpeechToDoList" */ = {
			isa = XCConfigurationList;
			buildConfigurations = (
				124560372604824000A93D9D /* Debug */,
				124560382604824000A93D9D /* Release */,
			);
			defaultConfigurationIsVisible = 0;
			defaultConfigurationName = Release;
		};
/* End XCConfigurationList section */

/* Begin XCVersionGroup section */
		124560302604824000A93D9D /* SpeechToDoList.xcdatamodeld */ = {
			isa = XCVersionGroup;
			children = (
				124560312604824000A93D9D /* SpeechToDoList.xcdatamodel */,
			);
			currentVersion = 124560312604824000A93D9D /* SpeechToDoList.xcdatamodel */;
			path = SpeechToDoList.xcdatamodeld;
			sourceTree = "<group>";
			versionGroupType = wrapper.xcdatamodel;
		};
/* End XCVersionGroup section */
	};
	rootObject = 1245601A2604823B00A93D9D /* Project object */;
}
